
Microsoft Visual Studio Solution File, Format Version 12.00
# Visual Studio Version 16
VisualStudioVersion = 16.0.31624.102
MinimumVisualStudioVersion = 10.0.40219.1
Project("{FAE04EC0-301F-11D3-BF4B-00C04F79EFBC}") = "logical_problem", "logical_problem\logical_problem.csproj", "{FB46C84F-A176-4FCE-A2FE-297F1065201E}"
EndProject
Global
	GlobalSection(SolutionConfigurationPlatforms) = preSolution
		Debug|Any CPU = Debug|Any CPU
		Release|Any CPU = Release|Any CPU
	EndGlobalSection
	GlobalSection(ProjectConfigurationPlatforms) = postSolution
		{FB46C84F-A176-4FCE-A2FE-297F1065201E}.Debug|Any CPU.ActiveCfg = Debug|Any CPU
		{FB46C84F-A176-4FCE-A2FE-297F1065201E}.Debug|Any CPU.Build.0 = Debug|Any CPU
		{FB46C84F-A176-4FCE-A2FE-297F1065201E}.Release|Any CPU.ActiveCfg = Release|Any CPU
		{FB46C84F-A176-4FCE-A2FE-297F1065201E}.Release|Any CPU.Build.0 = Release|Any CPU
	EndGlobalSection
	GlobalSection(SolutionProperties) = preSolution
		HideSolutionNode = FALSE
	EndGlobalSection
	GlobalSection(ExtensibilityGlobals) = postSolution
		SolutionGuid = {1BE28FEC-CE95-465F-BFE0-CB12CC34D191}
	EndGlobalSection
EndGlobal
